// !$*UTF8*$!
{
	archiveVersion = 1;
	classes = {
	};
	objectVersion = 50;
	objects = {

/* Begin PBXBuildFile section */
		F8BA4C0E21B61E0D00CF2C22 /* AppDelegate.m in Sources */ = {isa = PBXBuildFile; fileRef = F8BA4C0D21B61E0D00CF2C22 /* AppDelegate.m */; };
		F8BA4C1121B61E0D00CF2C22 /* ViewController.m in Sources */ = {isa = PBXBuildFile; fileRef = F8BA4C1021B61E0D00CF2C22 /* ViewController.m */; };
		F8BA4C1421B61E0D00CF2C22 /* Main.storyboard in Resources */ = {isa = PBXBuildFile; fileRef = F8BA4C1221B61E0D00CF2C22 /* Main.storyboard */; };
		F8BA4C1621B61E1100CF2C22 /* Assets.xcassets in Resources */ = {isa = PBXBuildFile; fileRef = F8BA4C1521B61E1100CF2C22 /* Assets.xcassets */; };
		F8BA4C1921B61E1100CF2C22 /* LaunchScreen.storyboard in Resources */ = {isa = PBXBuildFile; fileRef = F8BA4C1721B61E1100CF2C22 /* LaunchScreen.storyboard */; };
		F8BA4C1C21B61E1100CF2C22 /* main.m in Sources */ = {isa = PBXBuildFile; fileRef = F8BA4C1B21B61E1100CF2C22 /* main.m */; };
		F8BA4C2621B61E1100CF2C22 /* RuntimeDemoTests.m in Sources */ = {isa = PBXBuildFile; fileRef = F8BA4C2521B61E1100CF2C22 /* RuntimeDemoTests.m */; };
		F8BA4C3121B61E1100CF2C22 /* RuntimeDemoUITests.m in Sources */ = {isa = PBXBuildFile; fileRef = F8BA4C3021B61E1100CF2C22 /* RuntimeDemoUITests.m */; };
		F8BA4C4021B61E5600CF2C22 /* NSObject+Runtime.m in Sources */ = {isa = PBXBuildFile; fileRef = F8BA4C3F21B61E5600CF2C22 /* NSObject+Runtime.m */; };
		F8BA4C4321B6214300CF2C22 /* TestClass.m in Sources */ = {isa = PBXBuildFile; fileRef = F8BA4C4221B6214300CF2C22 /* TestClass.m */; };
		F8BA4C4621B621ED00CF2C22 /* TestClass+Category.m in Sources */ = {isa = PBXBuildFile; fileRef = F8BA4C4521B621ED00CF2C22 /* TestClass+Category.m */; };
/* End PBXBuildFile section */

/* Begin PBXContainerItemProxy section */
		F8BA4C2221B61E1100CF2C22 /* PBXContainerItemProxy */ = {
			isa = PBXContainerItemProxy;
			containerPortal = F8BA4C0121B61E0D00CF2C22 /* Project object */;
			proxyType = 1;
			remoteGlobalIDString = F8BA4C0821B61E0D00CF2C22;
			remoteInfo = RuntimeDemo;
		};
		F8BA4C2D21B61E1100CF2C22 /* PBXContainerItemProxy */ = {
			isa = PBXContainerItemProxy;
			containerPortal = F8BA4C0121B61E0D00CF2C22 /* Project object */;
			proxyType = 1;
			remoteGlobalIDString = F8BA4C0821B61E0D00CF2C22;
			remoteInfo = RuntimeDemo;
		};
/* End PBXContainerItemProxy section */

/* Begin PBXFileReference section */
		F8BA4C0921B61E0D00CF2C22 /* RuntimeDemo.app */ = {isa = PBXFileReference; explicitFileType = wrapper.application; includeInIndex = 0; path = RuntimeDemo.app; sourceTree = BUILT_PRODUCTS_DIR; };
		F8BA4C0C21B61E0D00CF2C22 /* AppDelegate.h */ = {isa = PBXFileReference; lastKnownFileType = sourcecode.c.h; path = AppDelegate.h; sourceTree = "<group>"; };
		F8BA4C0D21B61E0D00CF2C22 /* AppDelegate.m */ = {isa = PBXFileReference; lastKnownFileType = sourcecode.c.objc; path = AppDelegate.m; sourceTree = "<group>"; };
		F8BA4C0F21B61E0D00CF2C22 /* ViewController.h */ = {isa = PBXFileReference; lastKnownFileType = sourcecode.c.h; path = ViewController.h; sourceTree = "<group>"; };
		F8BA4C1021B61E0D00CF2C22 /* ViewController.m */ = {isa = PBXFileReference; lastKnownFileType = sourcecode.c.objc; path = ViewController.m; sourceTree = "<group>"; };
		F8BA4C1321B61E0D00CF2C22 /* Base */ = {isa = PBXFileReference; lastKnownFileType = file.storyboard; name = Base; path = Base.lproj/Main.storyboard; sourceTree = "<group>"; };
		F8BA4C1521B61E1100CF2C22 /* Assets.xcassets */ = {isa = PBXFileReference; lastKnownFileType = folder.assetcatalog; path = Assets.xcassets; sourceTree = "<group>"; };
		F8BA4C1821B61E1100CF2C22 /* Base */ = {isa = PBXFileReference; lastKnownFileType = file.storyboard; name = Base; path = Base.lproj/LaunchScreen.storyboard; sourceTree = "<group>"; };
		F8BA4C1A21B61E1100CF2C22 /* Info.plist */ = {isa = PBXFileReference; lastKnownFileType = text.plist.xml; path = Info.plist; sourceTree = "<group>"; };
		F8BA4C1B21B61E1100CF2C22 /* main.m */ = {isa = PBXFileReference; lastKnownFileType = sourcecode.c.objc; path = main.m; sourceTree = "<group>"; };
		F8BA4C2121B61E1100CF2C22 /* RuntimeDemoTests.xctest */ = {isa = PBXFileReference; explicitFileType = wrapper.cfbundle; includeInIndex = 0; path = RuntimeDemoTests.xctest; sourceTree = BUILT_PRODUCTS_DIR; };
		F8BA4C2521B61E1100CF2C22 /* RuntimeDemoTests.m */ = {isa = PBXFileReference; lastKnownFileType = sourcecode.c.objc; path = RuntimeDemoTests.m; sourceTree = "<group>"; };
		F8BA4C2721B61E1100CF2C22 /* Info.plist */ = {isa = PBXFileReference; lastKnownFileType = text.plist.xml; path = Info.plist; sourceTree = "<group>"; };
		F8BA4C2C21B61E1100CF2C22 /* RuntimeDemoUITests.xctest */ = {isa = PBXFileReference; explicitFileType = wrapper.cfbundle; includeInIndex = 0; path = RuntimeDemoUITests.xctest; sourceTree = BUILT_PRODUCTS_DIR; };
		F8BA4C3021B61E1100CF2C22 /* RuntimeDemoUITests.m */ = {isa = PBXFileReference; lastKnownFileType = sourcecode.c.objc; path = RuntimeDemoUITests.m; sourceTree = "<group>"; };
		F8BA4C3221B61E1100CF2C22 /* Info.plist */ = {isa = PBXFileReference; lastKnownFileType = text.plist.xml; path = Info.plist; sourceTree = "<group>"; };
		F8BA4C3E21B61E5600CF2C22 /* NSObject+Runtime.h */ = {isa = PBXFileReference; lastKnownFileType = sourcecode.c.h; path = "NSObject+Runtime.h"; sourceTree = "<group>"; };
		F8BA4C3F21B61E5600CF2C22 /* NSObject+Runtime.m */ = {isa = PBXFileReference; lastKnownFileType = sourcecode.c.objc; path = "NSObject+Runtime.m"; sourceTree = "<group>"; };
		F8BA4C4121B6214300CF2C22 /* TestClass.h */ = {isa = PBXFileReference; lastKnownFileType = sourcecode.c.h; path = TestClass.h; sourceTree = "<group>"; };
		F8BA4C4221B6214300CF2C22 /* TestClass.m */ = {isa = PBXFileReference; lastKnownFileType = sourcecode.c.objc; path = TestClass.m; sourceTree = "<group>"; };
		F8BA4C4421B621ED00CF2C22 /* TestClass+Category.h */ = {isa = PBXFileReference; lastKnownFileType = sourcecode.c.h; path = "TestClass+Category.h"; sourceTree = "<group>"; };
		F8BA4C4521B621ED00CF2C22 /* TestClass+Category.m */ = {isa = PBXFileReference; lastKnownFileType = sourcecode.c.objc; path = "TestClass+Category.m"; sourceTree = "<group>"; };
/* End PBXFileReference section */

/* Begin PBXFrameworksBuildPhase section */
		F8BA4C0621B61E0D00CF2C22 /* Frameworks */ = {
			isa = PBXFrameworksBuildPhase;
			buildActionMask = 2147483647;
			files = (
			);
			runOnlyForDeploymentPostprocessing = 0;
		};
		F8BA4C1E21B61E1100CF2C22 /* Frameworks */ = {
			isa = PBXFrameworksBuildPhase;
			buildActionMask = 2147483647;
			files = (
			);
			runOnlyForDeploymentPostprocessing = 0;
		};
		F8BA4C2921B61E1100CF2C22 /* Frameworks */ = {
			isa = PBXFrameworksBuildPhase;
			buildActionMask = 2147483647;
			files = (
			);
			runOnlyForDeploymentPostprocessing = 0;
		};
/* End PBXFrameworksBuildPhase section */

/* Begin PBXGroup section */
		F8BA4C0021B61E0D00CF2C22 = {
			isa = PBXGroup;
			children = (
				F8BA4C0B21B61E0D00CF2C22 /* RuntimeDemo */,
				F8BA4C2421B61E1100CF2C22 /* RuntimeDemoTests */,
				F8BA4C2F21B61E1100CF2C22 /* RuntimeDemoUITests */,
				F8BA4C0A21B61E0D00CF2C22 /* Products */,
			);
			sourceTree = "<group>";
		};
		F8BA4C0A21B61E0D00CF2C22 /* Products */ = {
			isa = PBXGroup;
			children = (
				F8BA4C0921B61E0D00CF2C22 /* RuntimeDemo.app */,
				F8BA4C2121B61E1100CF2C22 /* RuntimeDemoTests.xctest */,
				F8BA4C2C21B61E1100CF2C22 /* RuntimeDemoUITests.xctest */,
			);
			name = Products;
			sourceTree = "<group>";
		};
		F8BA4C0B21B61E0D00CF2C22 /* RuntimeDemo */ = {
			isa = PBXGroup;
			children = (
				F8BA4C0C21B61E0D00CF2C22 /* AppDelegate.h */,
				F8BA4C0D21B61E0D00CF2C22 /* AppDelegate.m */,
				F8BA4C0F21B61E0D00CF2C22 /* ViewController.h */,
				F8BA4C1021B61E0D00CF2C22 /* ViewController.m */,
				F8BA4C3E21B61E5600CF2C22 /* NSObject+Runtime.h */,
				F8BA4C3F21B61E5600CF2C22 /* NSObject+Runtime.m */,
				F8BA4C4121B6214300CF2C22 /* TestClass.h */,
				F8BA4C4221B6214300CF2C22 /* TestClass.m */,
				F8BA4C4421B621ED00CF2C22 /* TestClass+Category.h */,
				F8BA4C4521B621ED00CF2C22 /* TestClass+Category.m */,
				F8BA4C1221B61E0D00CF2C22 /* Main.storyboard */,
				F8BA4C1521B61E1100CF2C22 /* Assets.xcassets */,
				F8BA4C1721B61E1100CF2C22 /* LaunchScreen.storyboard */,
				F8BA4C1A21B61E1100CF2C22 /* Info.plist */,
				F8BA4C1B21B61E1100CF2C22 /* main.m */,
			);
			path = RuntimeDemo;
			sourceTree = "<group>";
		};
		F8BA4C2421B61E1100CF2C22 /* RuntimeDemoTests */ = {
			isa = PBXGroup;
			children = (
				F8BA4C2521B61E1100CF2C22 /* RuntimeDemoTests.m */,
				F8BA4C2721B61E1100CF2C22 /* Info.plist */,
			);
			path = RuntimeDemoTests;
			sourceTree = "<group>";
		};
		F8BA4C2F21B61E1100CF2C22 /* RuntimeDemoUITests */ = {
			isa = PBXGroup;
			children = (
				F8BA4C3021B61E1100CF2C22 /* RuntimeDemoUITests.m */,
				F8BA4C3221B61E1100CF2C22 /* Info.plist */,
			);
			path = RuntimeDemoUITests;
			sourceTree = "<group>";
		};
/* End PBXGroup section */

/* Begin PBXNativeTarget section */
		F8BA4C0821B61E0D00CF2C22 /* RuntimeDemo */ = {
			isa = PBXNativeTarget;
			buildConfigurationList = F8BA4C3521B61E1100CF2C22 /* Build configuration list for PBXNativeTarget "RuntimeDemo" */;
			buildPhases = (
				F8BA4C0521B61E0D00CF2C22 /* Sources */,
				F8BA4C0621B61E0D00CF2C22 /* Frameworks */,
				F8BA4C0721B61E0D00CF2C22 /* Resources */,
			);
			buildRules = (
			);
			dependencies = (
			);
			name = RuntimeDemo;
			productName = RuntimeDemo;
			productReference = F8BA4C0921B61E0D00CF2C22 /* RuntimeDemo.app */;
			productType = "com.apple.product-type.application";
		};
		F8BA4C2021B61E1100CF2C22 /* RuntimeDemoTests */ = {
			isa = PBXNativeTarget;
			buildConfigurationList = F8BA4C3821B61E1100CF2C22 /* Build configuration list for PBXNativeTarget "RuntimeDemoTests" */;
			buildPhases = (
				F8BA4C1D21B61E1100CF2C22 /* Sources */,
				F8BA4C1E21B61E1100CF2C22 /* Frameworks */,
				F8BA4C1F21B61E1100CF2C22 /* Resources */,
			);
			buildRules = (
			);
			dependencies = (
				F8BA4C2321B61E1100CF2C22 /* PBXTargetDependency */,
			);
			name = RuntimeDemoTests;
			productName = RuntimeDemoTests;
			productReference = F8BA4C2121B61E1100CF2C22 /* RuntimeDemoTests.xctest */;
			productType = "com.apple.product-type.bundle.unit-test";
		};
		F8BA4C2B21B61E1100CF2C22 /* RuntimeDemoUITests */ = {
			isa = PBXNativeTarget;
			buildConfigurationList = F8BA4C3B21B61E1100CF2C22 /* Build configuration list for PBXNativeTarget "RuntimeDemoUITests" */;
			buildPhases = (
				F8BA4C2821B61E1100CF2C22 /* Sources */,
				F8BA4C2921B61E1100CF2C22 /* Frameworks */,
				F8BA4C2A21B61E1100CF2C22 /* Resources */,
			);
			buildRules = (
			);
			dependencies = (
				F8BA4C2E21B61E1100CF2C22 /* PBXTargetDependency */,
			);
			name = RuntimeDemoUITests;
			productName = RuntimeDemoUITests;
			productReference = F8BA4C2C21B61E1100CF2C22 /* RuntimeDemoUITests.xctest */;
			productType = "com.apple.product-type.bundle.ui-testing";
		};
/* End PBXNativeTarget section */

/* Begin PBXProject section */
		F8BA4C0121B61E0D00CF2C22 /* Project object */ = {
			isa = PBXProject;
			attributes = {
				LastUpgradeCheck = 1010;
				ORGANIZATIONNAME = "曾国锐";
				TargetAttributes = {
					F8BA4C0821B61E0D00CF2C22 = {
						CreatedOnToolsVersion = 10.1;
					};
					F8BA4C2021B61E1100CF2C22 = {
						CreatedOnToolsVersion = 10.1;
						TestTargetID = F8BA4C0821B61E0D00CF2C22;
					};
					F8BA4C2B21B61E1100CF2C22 = {
						CreatedOnToolsVersion = 10.1;
						TestTargetID = F8BA4C0821B61E0D00CF2C22;
					};
				};
			};
			buildConfigurationList = F8BA4C0421B61E0D00CF2C22 /* Build configuration list for PBXProject "RuntimeDemo" */;
			compatibilityVersion = "Xcode 9.3";
			developmentRegion = en;
			hasScannedForEncodings = 0;
			knownRegions = (
				en,
				Base,
			);
			mainGroup = F8BA4C0021B61E0D00CF2C22;
			productRefGroup = F8BA4C0A21B61E0D00CF2C22 /* Products */;
			projectDirPath = "";
			projectRoot = "";
			targets = (
				F8BA4C0821B61E0D00CF2C22 /* RuntimeDemo */,
				F8BA4C2021B61E1100CF2C22 /* RuntimeDemoTests */,
				F8BA4C2B21B61E1100CF2C22 /* RuntimeDemoUITests */,
			);
		};
/* End PBXProject section */

/* Begin PBXResourcesBuildPhase section */
		F8BA4C0721B61E0D00CF2C22 /* Resources */ = {
			isa = PBXResourcesBuildPhase;
			buildActionMask = 2147483647;
			files = (
				F8BA4C1921B61E1100CF2C22 /* LaunchScreen.storyboard in Resources */,
				F8BA4C1621B61E1100CF2C22 /* Assets.xcassets in Resources */,
				F8BA4C1421B61E0D00CF2C22 /* Main.storyboard in Resources */,
			);
			runOnlyForDeploymentPostprocessing = 0;
		};
		F8BA4C1F21B61E1100CF2C22 /* Resources */ = {
			isa = PBXResourcesBuildPhase;
			buildActionMask = 2147483647;
			files = (
			);
			runOnlyForDeploymentPostprocessing = 0;
		};
		F8BA4C2A21B61E1100CF2C22 /* Resources */ = {
			isa = PBXResourcesBuildPhase;
			buildActionMask = 2147483647;
			files = (
			);
			runOnlyForDeploymentPostprocessing = 0;
		};
/* End PBXResourcesBuildPhase section */

/* Begin PBXSourcesBuildPhase section */
		F8BA4C0521B61E0D00CF2C22 /* Sources */ = {
			isa = PBXSourcesBuildPhase;
			buildActionMask = 2147483647;
			files = (
				F8BA4C4321B6214300CF2C22 /* TestClass.m in Sources */,
				F8BA4C4021B61E5600CF2C22 /* NSObject+Runtime.m in Sources */,
				F8BA4C4621B621ED00CF2C22 /* TestClass+Category.m in Sources */,
				F8BA4C1121B61E0D00CF2C22 /* ViewController.m in Sources */,
				F8BA4C1C21B61E1100CF2C22 /* main.m in Sources */,
				F8BA4C0E21B61E0D00CF2C22 /* AppDelegate.m in Sources */,
			);
			runOnlyForDeploymentPostprocessing = 0;
		};
		F8BA4C1D21B61E1100CF2C22 /* Sources */ = {
			isa = PBXSourcesBuildPhase;
			buildActionMask = 2147483647;
			files = (
				F8BA4C2621B61E1100CF2C22 /* RuntimeDemoTests.m in Sources */,
			);
			runOnlyForDeploymentPostprocessing = 0;
		};
		F8BA4C2821B61E1100CF2C22 /* Sources */ = {
			isa = PBXSourcesBuildPhase;
			buildActionMask = 2147483647;
			files = (
				F8BA4C3121B61E1100CF2C22 /* RuntimeDemoUITests.m in Sources */,
			);
			runOnlyForDeploymentPostprocessing = 0;
		};
/* End PBXSourcesBuildPhase section */

/* Begin PBXTargetDependency section */
		F8BA4C2321B61E1100CF2C22 /* PBXTargetDependency */ = {
			isa = PBXTargetDependency;
			target = F8BA4C0821B61E0D00CF2C22 /* RuntimeDemo */;
			targetProxy = F8BA4C2221B61E1100CF2C22 /* PBXContainerItemProxy */;
		};
		F8BA4C2E21B61E1100CF2C22 /* PBXTargetDependency */ = {
			isa = PBXTargetDependency;
			target = F8BA4C0821B61E0D00CF2C22 /* RuntimeDemo */;
			targetProxy = F8BA4C2D21B61E1100CF2C22 /* PBXContainerItemProxy */;
		};
/* End PBXTargetDependency section */

/* Begin PBXVariantGroup section */
		F8BA4C1221B61E0D00CF2C22 /* Main.storyboard */ = {
			isa = PBXVariantGroup;
			children = (
				F8BA4C1321B61E0D00CF2C22 /* Base */,
			);
			name = Main.storyboard;
			sourceTree = "<group>";
		};
		F8BA4C1721B61E1100CF2C22 /* LaunchScreen.storyboard */ = {
			isa = PBXVariantGroup;
			children = (
				F8BA4C1821B61E1100CF2C22 /* Base */,
			);
			name = LaunchScreen.storyboard;
			sourceTree = "<group>";
		};
/* End PBXVariantGroup section */

/* Begin XCBuildConfiguration section */
		F8BA4C3321B61E1100CF2C22 /* Debug */ = {
			isa = XCBuildConfiguration;
			buildSettings = {
				ALWAYS_SEARCH_USER_PATHS = NO;
				CLANG_ANALYZER_NONNULL = YES;
				CLANG_ANALYZER_NUMBER_OBJECT_CONVERSION = YES_AGGRESSIVE;
				CLANG_CXX_LANGUAGE_STANDARD = "gnu++14";
				CLANG_CXX_LIBRARY = "libc++";
				CLANG_ENABLE_MODULES = YES;
				CLANG_ENABLE_OBJC_ARC = YES;
				CLANG_ENABLE_OBJC_WEAK = YES;
				CLANG_WARN_BLOCK_CAPTURE_AUTORELEASING = YES;
				CLANG_WARN_BOOL_CONVERSION = YES;
				CLANG_WARN_COMMA = YES;
				CLANG_WARN_CONSTANT_CONVERSION = YES;
				CLANG_WARN_DEPRECATED_OBJC_IMPLEMENTATIONS = YES;
				CLANG_WARN_DIRECT_OBJC_ISA_USAGE = YES_ERROR;
				CLANG_WARN_DOCUMENTATION_COMMENTS = YES;
				CLANG_WARN_EMPTY_BODY = YES;
				CLANG_WARN_ENUM_CONVERSION = YES;
				CLANG_WARN_INFINITE_RECURSION = YES;
				CLANG_WARN_INT_CONVERSION = YES;
				CLANG_WARN_NON_LITERAL_NULL_CONVERSION = YES;
				CLANG_WARN_OBJC_IMPLICIT_RETAIN_SELF = YES;
				CLANG_WARN_OBJC_LITERAL_CONVERSION = YES;
				CLANG_WARN_OBJC_ROOT_CLASS = YES_ERROR;
				CLANG_WARN_RANGE_LOOP_ANALYSIS = YES;
				CLANG_WARN_STRICT_PROTOTYPES = YES;
				CLANG_WARN_SUSPICIOUS_MOVE = YES;
				CLANG_WARN_UNGUARDED_AVAILABILITY = YES_AGGRESSIVE;
				CLANG_WARN_UNREACHABLE_CODE = YES;
				CLANG_WARN__DUPLICATE_METHOD_MATCH = YES;
				CODE_SIGN_IDENTITY = "iPhone Developer";
				COPY_PHASE_STRIP = NO;
				DEBUG_INFORMATION_FORMAT = dwarf;
				ENABLE_STRICT_OBJC_MSGSEND = YES;
				ENABLE_TESTABILITY = YES;
				GCC_C_LANGUAGE_STANDARD = gnu11;
				GCC_DYNAMIC_NO_PIC = NO;
				GCC_NO_COMMON_BLOCKS = YES;
				GCC_OPTIMIZATION_LEVEL = 0;
				GCC_PREPROCESSOR_DEFINITIONS = (
					"DEBUG=1",
					"$(inherited)",
				);
				GCC_WARN_64_TO_32_BIT_CONVERSION = YES;
				GCC_WARN_ABOUT_RETURN_TYPE = YES_ERROR;
				GCC_WARN_UNDECLARED_SELECTOR = YES;
				GCC_WARN_UNINITIALIZED_AUTOS = YES_AGGRESSIVE;
				GCC_WARN_UNUSED_FUNCTION = YES;
				GCC_WARN_UNUSED_VARIABLE = YES;
				IPHONEOS_DEPLOYMENT_TARGET = 12.1;
				MTL_ENABLE_DEBUG_INFO = INCLUDE_SOURCE;
				MTL_FAST_MATH = YES;
				ONLY_ACTIVE_ARCH = YES;
				SDKROOT = iphoneos;
			};
			name = Debug;
		};
		F8BA4C3421B61E1100CF2C22 /* Release */ = {
			isa = XCBuildConfiguration;
			buildSettings = {
				ALWAYS_SEARCH_USER_PATHS = NO;
				CLANG_ANALYZER_NONNULL = YES;
				CLANG_ANALYZER_NUMBER_OBJECT_CONVERSION = YES_AGGRESSIVE;
				CLANG_CXX_LANGUAGE_STANDARD = "gnu++14";
				CLANG_CXX_LIBRARY = "libc++";
				CLANG_ENABLE_MODULES = YES;
				CLANG_ENABLE_OBJC_ARC = YES;
				CLANG_ENABLE_OBJC_WEAK = YES;
				CLANG_WARN_BLOCK_CAPTURE_AUTORELEASING = YES;
				CLANG_WARN_BOOL_CONVERSION = YES;
				CLANG_WARN_COMMA = YES;
				CLANG_WARN_CONSTANT_CONVERSION = YES;
				CLANG_WARN_DEPRECATED_OBJC_IMPLEMENTATIONS = YES;
				CLANG_WARN_DIRECT_OBJC_ISA_USAGE = YES_ERROR;
				CLANG_WARN_DOCUMENTATION_COMMENTS = YES;
				CLANG_WARN_EMPTY_BODY = YES;
				CLANG_WARN_ENUM_CONVERSION = YES;
				CLANG_WARN_INFINITE_RECURSION = YES;
				CLANG_WARN_INT_CONVERSION = YES;
				CLANG_WARN_NON_LITERAL_NULL_CONVERSION = YES;
				CLANG_WARN_OBJC_IMPLICIT_RETAIN_SELF = YES;
				CLANG_WARN_OBJC_LITERAL_CONVERSION = YES;
				CLANG_WARN_OBJC_ROOT_CLASS = YES_ERROR;
				CLANG_WARN_RANGE_LOOP_ANALYSIS = YES;
				CLANG_WARN_STRICT_PROTOTYPES = YES;
				CLANG_WARN_SUSPICIOUS_MOVE = YES;
				CLANG_WARN_UNGUARDED_AVAILABILITY = YES_AGGRESSIVE;
				CLANG_WARN_UNREACHABLE_CODE = YES;
				CLANG_WARN__DUPLICATE_METHOD_MATCH = YES;
				CODE_SIGN_IDENTITY = "iPhone Developer";
				COPY_PHASE_STRIP = NO;
				DEBUG_INFORMATION_FORMAT = "dwarf-with-dsym";
				ENABLE_NS_ASSERTIONS = NO;
				ENABLE_STRICT_OBJC_MSGSEND = YES;
				GCC_C_LANGUAGE_STANDARD = gnu11;
				GCC_NO_COMMON_BLOCKS = YES;
				GCC_WARN_64_TO_32_BIT_CONVERSION = YES;
				GCC_WARN_ABOUT_RETURN_TYPE = YES_ERROR;
				GCC_WARN_UNDECLARED_SELECTOR = YES;
				GCC_WARN_UNINITIALIZED_AUTOS = YES_AGGRESSIVE;
				GCC_WARN_UNUSED_FUNCTION = YES;
				GCC_WARN_UNUSED_VARIABLE = YES;
				IPHONEOS_DEPLOYMENT_TARGET = 12.1;
				MTL_ENABLE_DEBUG_INFO = NO;
				MTL_FAST_MATH = YES;
				SDKROOT = iphoneos;
				VALIDATE_PRODUCT = YES;
			};
			name = Release;
		};
		F8BA4C3621B61E1100CF2C22 /* Debug */ = {
			isa = XCBuildConfiguration;
			buildSettings = {
				ASSETCATALOG_COMPILER_APPICON_NAME = AppIcon;
				CODE_SIGN_STYLE = Automatic;
				DEVELOPMENT_TEAM = 8T6D2UXS49;
				INFOPLIST_FILE = RuntimeDemo/Info.plist;
				LD_RUNPATH_SEARCH_PATHS = (
					"$(inherited)",
					"@executable_path/Frameworks",
				);
				PRODUCT_BUNDLE_IDENTIFIER = aap.jsm.com.RuntimeDemo;
				PRODUCT_NAME = "$(TARGET_NAME)";
				TARGETED_DEVICE_FAMILY = "1,2";
			};
			name = Debug;
		};
		F8BA4C3721B61E1100CF2C22 /* Release */ = {
			isa = XCBuildConfiguration;
			buildSettings = {
				ASSETCATALOG_COMPILER_APPICON_NAME = AppIcon;
				CODE_SIGN_STYLE = Automatic;
				DEVELOPMENT_TEAM = 8T6D2UXS49;
				INFOPLIST_FILE = RuntimeDemo/Info.plist;
				LD_RUNPATH_SEARCH_PATHS = (
					"$(inherited)",
					"@executable_path/Frameworks",
				);
				PRODUCT_BUNDLE_IDENTIFIER = aap.jsm.com.RuntimeDemo;
				PRODUCT_NAME = "$(TARGET_NAME)";
				TARGETED_DEVICE_FAMILY = "1,2";
			};
			name = Release;
		};
		F8BA4C3921B61E1100CF2C22 /* Debug */ = {
			isa = XCBuildConfiguration;
			buildSettings = {
				BUNDLE_LOADER = "$(TEST_HOST)";
				CODE_SIGN_STYLE = Automatic;
				INFOPLIST_FILE = RuntimeDemoTests/Info.plist;
				LD_RUNPATH_SEARCH_PATHS = (
					"$(inherited)",
					"@executable_path/Frameworks",
					"@loader_path/Frameworks",
				);
				PRODUCT_BUNDLE_IDENTIFIER = aap.jsm.com.RuntimeDemoTests;
				PRODUCT_NAME = "$(TARGET_NAME)";
				TARGETED_DEVICE_FAMILY = "1,2";
				TEST_HOST = "$(BUILT_PRODUCTS_DIR)/RuntimeDemo.app/RuntimeDemo";
			};
			name = Debug;
		};
		F8BA4C3A21B61E1100CF2C22 /* Release */ = {
			isa = XCBuildConfiguration;
			buildSettings = {
				BUNDLE_LOADER = "$(TEST_HOST)";
				CODE_SIGN_STYLE = Automatic;
				INFOPLIST_FILE = RuntimeDemoTests/Info.plist;
				LD_RUNPATH_SEARCH_PATHS = (
					"$(inherited)",
					"@executable_path/Frameworks",
					"@loader_path/Frameworks",
				);
				PRODUCT_BUNDLE_IDENTIFIER = aap.jsm.com.RuntimeDemoTests;
				PRODUCT_NAME = "$(TARGET_NAME)";
				TARGETED_DEVICE_FAMILY = "1,2";
				TEST_HOST = "$(BUILT_PRODUCTS_DIR)/RuntimeDemo.app/RuntimeDemo";
			};
			name = Release;
		};
		F8BA4C3C21B61E1100CF2C22 /* Debug */ = {
			isa = XCBuildConfiguration;
			buildSettings = {
				CODE_SIGN_STYLE = Automatic;
				INFOPLIST_FILE = RuntimeDemoUITests/Info.plist;
				LD_RUNPATH_SEARCH_PATHS = (
					"$(inherited)",
					"@executable_path/Frameworks",
					"@loader_path/Frameworks",
				);
				PRODUCT_BUNDLE_IDENTIFIER = aap.jsm.com.RuntimeDemoUITests;
				PRODUCT_NAME = "$(TARGET_NAME)";
				TARGETED_DEVICE_FAMILY = "1,2";
				TEST_TARGET_NAME = RuntimeDemo;
			};
			name = Debug;
		};
		F8BA4C3D21B61E1100CF2C22 /* Release */ = {
			isa = XCBuildConfiguration;
			buildSettings = {
				CODE_SIGN_STYLE = Automatic;
				INFOPLIST_FILE = RuntimeDemoUITests/Info.plist;
				LD_RUNPATH_SEARCH_PATHS = (
					"$(inherited)",
					"@executable_path/Frameworks",
					"@loader_path/Frameworks",
				);
				PRODUCT_BUNDLE_IDENTIFIER = aap.jsm.com.RuntimeDemoUITests;
				PRODUCT_NAME = "$(TARGET_NAME)";
				TARGETED_DEVICE_FAMILY = "1,2";
				TEST_TARGET_NAME = RuntimeDemo;
			};
			name = Release;
		};
/* End XCBuildConfiguration section */

/* Begin XCConfigurationList section */
		F8BA4C0421B61E0D00CF2C22 /* Build configuration list for PBXProject "RuntimeDemo" */ = {
			isa = XCConfigurationList;
			buildConfigurations = (
				F8BA4C3321B61E1100CF2C22 /* Debug */,
				F8BA4C3421B61E1100CF2C22 /* Release */,
			);
			defaultConfigurationIsVisible = 0;
			defaultConfigurationName = Release;
		};
		F8BA4C3521B61E1100CF2C22 /* Build configuration list for PBXNativeTarget "RuntimeDemo" */ = {
			isa = XCConfigurationList;
			buildConfigurations = (
				F8BA4C3621B61E1100CF2C22 /* Debug */,
				F8BA4C3721B61E1100CF2C22 /* Release */,
			);
			defaultConfigurationIsVisible = 0;
			defaultConfigurationName = Release;
		};
		F8BA4C3821B61E1100CF2C22 /* Build configuration list for PBXNativeTarget "RuntimeDemoTests" */ = {
			isa = XCConfigurationList;
			buildConfigurations = (
				F8BA4C3921B61E1100CF2C22 /* Debug */,
				F8BA4C3A21B61E1100CF2C22 /* Release */,
			);
			defaultConfigurationIsVisible = 0;
			defaultConfigurationName = Release;
		};
		F8BA4C3B21B61E1100CF2C22 /* Build configuration list for PBXNativeTarget "RuntimeDemoUITests" */ = {
			isa = XCConfigurationList;
			buildConfigurations = (
				F8BA4C3C21B61E1100CF2C22 /* Debug */,
				F8BA4C3D21B61E1100CF2C22 /* Release */,
			);
			defaultConfigurationIsVisible = 0;
			defaultConfigurationName = Release;
		};
/* End XCConfigurationList section */
	};
	rootObject = F8BA4C0121B61E0D00CF2C22 /* Project object */;
}
